Microsoft Visual Studio Solution File, Format Version 9.00
# Visual Studio 2005
Project("{8BC9CEB8-8B4A-11D0-8D11-00A0C91BC942}") = "JpegLib", "jpeglib\JpegLib.vcproj", "{D1C644BB-9BB0-4AF2-AA37-3A0BBAC5506C}"
EndProject
Project("{8BC9CEB8-8B4A-11D0-8D11-00A0C91BC942}") = "photos", "photos.vcproj", "{3048D76A-FC39-4CB5-9353-09D7EA624471}"
	ProjectSection(ProjectDependencies) = postProject
		{D1C644BB-9BB0-4AF2-AA37-3A0BBAC5506C} = {D1C644BB-9BB0-4AF2-AA37-3A0BBAC5506C}
	EndProjectSection
EndProject
Global
	GlobalSection(SolutionConfigurationPlatforms) = preSolution
		Debug|Win32 = Debug|Win32
		Release|Win32 = Release|Win32
	EndGlobalSection
	GlobalSection(ProjectConfigurationPlatforms) = postSolution
		{D1C644BB-9BB0-4AF2-AA37-3A0BBAC5506C}.Debug|Win32.ActiveCfg = Debug|Win32
		{D1C644BB-9BB0-4AF2-AA37-3A0BBAC5506C}.Debug|Win32.Build.0 = Debug|Win32
		{D1C644BB-9BB0-4AF2-AA37-3A0BBAC5506C}.Release|Win32.ActiveCfg = Release|Win32
		{D1C644BB-9BB0-4AF2-AA37-3A0BBAC5506C}.Release|Win32.Build.0 = Release|Win32
		{3048D76A-FC39-4CB5-9353-09D7EA624471}.Debug|Win32.ActiveCfg = Debug|Win32
		{3048D76A-FC39-4CB5-9353-09D7EA624471}.Debug|Win32.Build.0 = Debug|Win32
		{3048D76A-FC39-4CB5-9353-09D7EA624471}.Release|Win32.ActiveCfg = Release|Win32
		{3048D76A-FC39-4CB5-9353-09D7EA624471}.Release|Win32.Build.0 = Release|Win32
	EndGlobalSection
	GlobalSection(SolutionProperties) = preSolution
		HideSolutionNode = FALSE
	EndGlobalSection
EndGlobal
